# This file is generated by running "yarn install" inside your project.
# Manual changes might be lost - proceed with caution!

__metadata:
  version: 6
  cacheKey: 8

"@actions/core@npm:^1.9.1":
  version: 1.9.1
  resolution: "@actions/core@npm:1.9.1"
  dependencies:
    "@actions/http-client": ^2.0.1
    uuid: ^8.3.2
  checksum: 8f9823bed2e172fcabb65a63e136f98bbd0614bf37b5012caff4d3216471de19956e6bc0ed2767c52bccc3d02a7450a3b902a83f56bfa255477858c6341d1e2e
  languageName: node
  linkType: hard

"@actions/http-client@npm:^2.0.1":
  version: 2.0.1
  resolution: "@actions/http-client@npm:2.0.1"
  dependencies:
    tunnel: ^0.0.6
  checksum: 799ec3df91e28a9da91ce6592e94f8b8923ccf6cc21a2f72c7429be5af5273f1625335411adc2a1bb222d56c852d5767214dfa6fa32a6da7e81dba8290e08f17
  languageName: node
  linkType: hard

"@babel/code-frame@npm:^7.0.0":
  version: 7.18.6
  resolution: "@babel/code-frame@npm:7.18.6"
  dependencies:
    "@babel/highlight": ^7.18.6
  checksum: 195e2be3172d7684bf95cff69ae3b7a15a9841ea9d27d3c843662d50cdd7d6470fd9c8e64be84d031117e4a4083486effba39f9aef6bbb2c89f7f21bcfba33ba
  languageName: node
  linkType: hard

"@babel/helper-validator-identifier@npm:^7.18.6":
  version: 7.18.6
  resolution: "@babel/helper-validator-identifier@npm:7.18.6"
  checksum: e295254d616bbe26e48c196a198476ab4d42a73b90478c9842536cf910ead887f5af6b5c4df544d3052a25ccb3614866fa808dc1e3a5a4291acd444e243c0648
  languageName: node
  linkType: hard

"@babel/highlight@npm:^7.18.6":
  version: 7.18.6
  resolution: "@babel/highlight@npm:7.18.6"
  dependencies:
    "@babel/helper-validator-identifier": ^7.18.6
    chalk: ^2.0.0
    js-tokens: ^4.0.0
  checksum: 92d8ee61549de5ff5120e945e774728e5ccd57fd3b2ed6eace020ec744823d4a98e242be1453d21764a30a14769ecd62170fba28539b211799bbaf232bbb2789
  languageName: node
  linkType: hard

"@esbuild/linux-loong64@npm:0.15.5":
  version: 0.15.5
  resolution: "@esbuild/linux-loong64@npm:0.15.5"
  conditions: os=linux & cpu=loong64
  languageName: node
  linkType: hard

"@rakenodiax/ts-geiger@workspace:.":
  version: 0.0.0-use.local
  resolution: "@rakenodiax/ts-geiger@workspace:."
  dependencies:
    "@actions/core": ^1.9.1
    "@types/node": ^18.7.8
    esbuild: ^0.15.5
    kloc: ^0.1.3
    prettier: ^2.7.1
    typescript: ^4.7.4
  languageName: unknown
  linkType: soft

"@types/minimist@npm:^1.2.0":
  version: 1.2.2
  resolution: "@types/minimist@npm:1.2.2"
  checksum: b8da83c66eb4aac0440e64674b19564d9d86c80ae273144db9681e5eeff66f238ade9515f5006ffbfa955ceff8b89ad2bd8ec577d7caee74ba101431fb07045d
  languageName: node
  linkType: hard

"@types/node@npm:^18.7.8":
  version: 18.7.8
  resolution: "@types/node@npm:18.7.8"
  checksum: e0125efefa896083c05f549d93166109959ffdd68cb626aad0d660c0ce9de888fe405b4763b4a3c3e0968560409c272413e0ad07204522543c688e162a617ecb
  languageName: node
  linkType: hard

"@types/normalize-package-data@npm:^2.4.0":
  version: 2.4.1
  resolution: "@types/normalize-package-data@npm:2.4.1"
  checksum: e87bccbf11f95035c89a132b52b79ce69a1e3652fe55962363063c9c0dae0fe2477ebc585e03a9652adc6f381d24ba5589cc5e51849df4ced3d3e004a7d40ed5
  languageName: node
  linkType: hard

"ansi-styles@npm:^3.2.1":
  version: 3.2.1
  resolution: "ansi-styles@npm:3.2.1"
  dependencies:
    color-convert: ^1.9.0
  checksum: d85ade01c10e5dd77b6c89f34ed7531da5830d2cb5882c645f330079975b716438cd7ebb81d0d6e6b4f9c577f19ae41ab55f07f19786b02f9dfd9e0377395665
  languageName: node
  linkType: hard

"arrify@npm:^1.0.1":
  version: 1.0.1
  resolution: "arrify@npm:1.0.1"
  checksum: 745075dd4a4624ff0225c331dacb99be501a515d39bcb7c84d24660314a6ec28e68131b137e6f7e16318170842ce97538cd298fc4cd6b2cc798e0b957f2747e7
  languageName: node
  linkType: hard

"camelcase-keys@npm:^6.2.2":
  version: 6.2.2
  resolution: "camelcase-keys@npm:6.2.2"
  dependencies:
    camelcase: ^5.3.1
    map-obj: ^4.0.0
    quick-lru: ^4.0.1
  checksum: 43c9af1adf840471e54c68ab3e5fe8a62719a6b7dbf4e2e86886b7b0ff96112c945736342b837bd2529ec9d1c7d1934e5653318478d98e0cf22c475c04658e2a
  languageName: node
  linkType: hard

"camelcase@npm:^5.3.1":
  version: 5.3.1
  resolution: "camelcase@npm:5.3.1"
  checksum: e6effce26b9404e3c0f301498184f243811c30dfe6d0b9051863bd8e4034d09c8c2923794f280d6827e5aa055f6c434115ff97864a16a963366fb35fd673024b
  languageName: node
  linkType: hard

"chalk@npm:^2.0.0":
  version: 2.4.2
  resolution: "chalk@npm:2.4.2"
  dependencies:
    ansi-styles: ^3.2.1
    escape-string-regexp: ^1.0.5
    supports-color: ^5.3.0
  checksum: ec3661d38fe77f681200f878edbd9448821924e0f93a9cefc0e26a33b145f1027a2084bf19967160d11e1f03bfe4eaffcabf5493b89098b2782c3fe0b03d80c2
  languageName: node
  linkType: hard

"color-convert@npm:^1.9.0":
  version: 1.9.3
  resolution: "color-convert@npm:1.9.3"
  dependencies:
    color-name: 1.1.3
  checksum: fd7a64a17cde98fb923b1dd05c5f2e6f7aefda1b60d67e8d449f9328b4e53b228a428fd38bfeaeb2db2ff6b6503a776a996150b80cdf224062af08a5c8a3a203
  languageName: node
  linkType: hard

"color-name@npm:1.1.3":
  version: 1.1.3
  resolution: "color-name@npm:1.1.3"
  checksum: 09c5d3e33d2105850153b14466501f2bfb30324a2f76568a408763a3b7433b0e50e5b4ab1947868e65cb101bb7cb75029553f2c333b6d4b8138a73fcc133d69d
  languageName: node
  linkType: hard

"decamelize-keys@npm:^1.1.0":
  version: 1.1.0
  resolution: "decamelize-keys@npm:1.1.0"
  dependencies:
    decamelize: ^1.1.0
    map-obj: ^1.0.0
  checksum: 8bc5d32e035a072f5dffc1f1f3d26ca7ab1fb44a9cade34c97ab6cd1e62c81a87e718101e96de07d78cecda20a3fdb955df958e46671ccad01bb8dcf0de2e298
  languageName: node
  linkType: hard

"decamelize@npm:^1.1.0, decamelize@npm:^1.2.0":
  version: 1.2.0
  resolution: "decamelize@npm:1.2.0"
  checksum: ad8c51a7e7e0720c70ec2eeb1163b66da03e7616d7b98c9ef43cce2416395e84c1e9548dd94f5f6ffecfee9f8b94251fc57121a8b021f2ff2469b2bae247b8aa
  languageName: node
  linkType: hard

"error-ex@npm:^1.3.1":
  version: 1.3.2
  resolution: "error-ex@npm:1.3.2"
  dependencies:
    is-arrayish: ^0.2.1
  checksum: c1c2b8b65f9c91b0f9d75f0debaa7ec5b35c266c2cac5de412c1a6de86d4cbae04ae44e510378cb14d032d0645a36925d0186f8bb7367bcc629db256b743a001
  languageName: node
  linkType: hard

"esbuild-android-64@npm:0.15.5":
  version: 0.15.5
  resolution: "esbuild-android-64@npm:0.15.5"
  conditions: os=android & cpu=x64
  languageName: node
  linkType: hard

"esbuild-android-arm64@npm:0.15.5":
  version: 0.15.5
  resolution: "esbuild-android-arm64@npm:0.15.5"
  conditions: os=android & cpu=arm64
  languageName: node
  linkType: hard

"esbuild-darwin-64@npm:0.15.5":
  version: 0.15.5
  resolution: "esbuild-darwin-64@npm:0.15.5"
  conditions: os=darwin & cpu=x64
  languageName: node
  linkType: hard

"esbuild-darwin-arm64@npm:0.15.5":
  version: 0.15.5
  resolution: "esbuild-darwin-arm64@npm:0.15.5"
  conditions: os=darwin & cpu=arm64
  languageName: node
  linkType: hard

"esbuild-freebsd-64@npm:0.15.5":
  version: 0.15.5
  resolution: "esbuild-freebsd-64@npm:0.15.5"
  conditions: os=freebsd & cpu=x64
  languageName: node
  linkType: hard

"esbuild-freebsd-arm64@npm:0.15.5":
  version: 0.15.5
  resolution: "esbuild-freebsd-arm64@npm:0.15.5"
  conditions: os=freebsd & cpu=arm64
  languageName: node
  linkType: hard

"esbuild-linux-32@npm:0.15.5":
  version: 0.15.5
  resolution: "esbuild-linux-32@npm:0.15.5"
  conditions: os=linux & cpu=ia32
  languageName: node
  linkType: hard

"esbuild-linux-64@npm:0.15.5":
  version: 0.15.5
  resolution: "esbuild-linux-64@npm:0.15.5"
  conditions: os=linux & cpu=x64
  languageName: node
  linkType: hard

"esbuild-linux-arm64@npm:0.15.5":
  version: 0.15.5
  resolution: "esbuild-linux-arm64@npm:0.15.5"
  conditions: os=linux & cpu=arm64
  languageName: node
  linkType: hard

"esbuild-linux-arm@npm:0.15.5":
  version: 0.15.5
  resolution: "esbuild-linux-arm@npm:0.15.5"
  conditions: os=linux & cpu=arm
  languageName: node
  linkType: hard

"esbuild-linux-mips64le@npm:0.15.5":
  version: 0.15.5
  resolution: "esbuild-linux-mips64le@npm:0.15.5"
  conditions: os=linux & cpu=mips64el
  languageName: node
  linkType: hard

"esbuild-linux-ppc64le@npm:0.15.5":
  version: 0.15.5
  resolution: "esbuild-linux-ppc64le@npm:0.15.5"
  conditions: os=linux & cpu=ppc64
  languageName: node
  linkType: hard

"esbuild-linux-riscv64@npm:0.15.5":
  version: 0.15.5
  resolution: "esbuild-linux-riscv64@npm:0.15.5"
  conditions: os=linux & cpu=riscv64
  languageName: node
  linkType: hard

"esbuild-linux-s390x@npm:0.15.5":
  version: 0.15.5
  resolution: "esbuild-linux-s390x@npm:0.15.5"
  conditions: os=linux & cpu=s390x
  languageName: node
  linkType: hard

"esbuild-netbsd-64@npm:0.15.5":
  version: 0.15.5
  resolution: "esbuild-netbsd-64@npm:0.15.5"
  conditions: os=netbsd & cpu=x64
  languageName: node
  linkType: hard

"esbuild-openbsd-64@npm:0.15.5":
  version: 0.15.5
  resolution: "esbuild-openbsd-64@npm:0.15.5"
  conditions: os=openbsd & cpu=x64
  languageName: node
  linkType: hard

"esbuild-sunos-64@npm:0.15.5":
  version: 0.15.5
  resolution: "esbuild-sunos-64@npm:0.15.5"
  conditions: os=sunos & cpu=x64
  languageName: node
  linkType: hard

"esbuild-windows-32@npm:0.15.5":
  version: 0.15.5
  resolution: "esbuild-windows-32@npm:0.15.5"
  conditions: os=win32 & cpu=ia32
  languageName: node
  linkType: hard

"esbuild-windows-64@npm:0.15.5":
  version: 0.15.5
  resolution: "esbuild-windows-64@npm:0.15.5"
  conditions: os=win32 & cpu=x64
  languageName: node
  linkType: hard

"esbuild-windows-arm64@npm:0.15.5":
  version: 0.15.5
  resolution: "esbuild-windows-arm64@npm:0.15.5"
  conditions: os=win32 & cpu=arm64
  languageName: node
  linkType: hard

"esbuild@npm:^0.15.5":
  version: 0.15.5
  resolution: "esbuild@npm:0.15.5"
  dependencies:
    "@esbuild/linux-loong64": 0.15.5
    esbuild-android-64: 0.15.5
    esbuild-android-arm64: 0.15.5
    esbuild-darwin-64: 0.15.5
    esbuild-darwin-arm64: 0.15.5
    esbuild-freebsd-64: 0.15.5
    esbuild-freebsd-arm64: 0.15.5
    esbuild-linux-32: 0.15.5
    esbuild-linux-64: 0.15.5
    esbuild-linux-arm: 0.15.5
    esbuild-linux-arm64: 0.15.5
    esbuild-linux-mips64le: 0.15.5
    esbuild-linux-ppc64le: 0.15.5
    esbuild-linux-riscv64: 0.15.5
    esbuild-linux-s390x: 0.15.5
    esbuild-netbsd-64: 0.15.5
    esbuild-openbsd-64: 0.15.5
    esbuild-sunos-64: 0.15.5
    esbuild-windows-32: 0.15.5
    esbuild-windows-64: 0.15.5
    esbuild-windows-arm64: 0.15.5
  dependenciesMeta:
    "@esbuild/linux-loong64":
      optional: true
    esbuild-android-64:
      optional: true
    esbuild-android-arm64:
      optional: true
    esbuild-darwin-64:
      optional: true
    esbuild-darwin-arm64:
      optional: true
    esbuild-freebsd-64:
      optional: true
    esbuild-freebsd-arm64:
      optional: true
    esbuild-linux-32:
      optional: true
    esbuild-linux-64:
      optional: true
    esbuild-linux-arm:
      optional: true
    esbuild-linux-arm64:
      optional: true
    esbuild-linux-mips64le:
      optional: true
    esbuild-linux-ppc64le:
      optional: true
    esbuild-linux-riscv64:
      optional: true
    esbuild-linux-s390x:
      optional: true
    esbuild-netbsd-64:
      optional: true
    esbuild-openbsd-64:
      optional: true
    esbuild-sunos-64:
      optional: true
    esbuild-windows-32:
      optional: true
    esbuild-windows-64:
      optional: true
    esbuild-windows-arm64:
      optional: true
  bin:
    esbuild: bin/esbuild
  checksum: fc7f5df6542bd18dee1e61c58049ddf3d6b508d8d67eabcba455f7dbb560552e012f169a8afa2f209de554a206935fedf30d576aacdc2b46cb4da229181968fb
  languageName: node
  linkType: hard

"escape-string-regexp@npm:^1.0.5":
  version: 1.0.5
  resolution: "escape-string-regexp@npm:1.0.5"
  checksum: 6092fda75c63b110c706b6a9bfde8a612ad595b628f0bd2147eea1d3406723020810e591effc7db1da91d80a71a737a313567c5abb3813e8d9c71f4aa595b410
  languageName: node
  linkType: hard

"expand-home-dir@npm:^0.0.3":
  version: 0.0.3
  resolution: "expand-home-dir@npm:0.0.3"
  checksum: 07c7c389623544c1e8d550995b733a14d688d0788393d90c4eaaf164a1c16f81476353ae427d4df5978c5e882915b1312df7cb8eb42c2803eae8b668a0c6cf40
  languageName: node
  linkType: hard

"find-up@npm:^4.1.0":
  version: 4.1.0
  resolution: "find-up@npm:4.1.0"
  dependencies:
    locate-path: ^5.0.0
    path-exists: ^4.0.0
  checksum: 4c172680e8f8c1f78839486e14a43ef82e9decd0e74145f40707cc42e7420506d5ec92d9a11c22bd2c48fb0c384ea05dd30e10dd152fefeec6f2f75282a8b844
  languageName: node
  linkType: hard

"function-bind@npm:^1.1.1":
  version: 1.1.1
  resolution: "function-bind@npm:1.1.1"
  checksum: b32fbaebb3f8ec4969f033073b43f5c8befbb58f1a79e12f1d7490358150359ebd92f49e72ff0144f65f2c48ea2a605bff2d07965f548f6474fd8efd95bf361a
  languageName: node
  linkType: hard

"hard-rejection@npm:^2.1.0":
  version: 2.1.0
  resolution: "hard-rejection@npm:2.1.0"
  checksum: 7baaf80a0c7fff4ca79687b4060113f1529589852152fa935e6787a2bc96211e784ad4588fb3048136ff8ffc9dfcf3ae385314a5b24db32de20bea0d1597f9dc
  languageName: node
  linkType: hard

"has-flag@npm:^3.0.0":
  version: 3.0.0
  resolution: "has-flag@npm:3.0.0"
  checksum: 4a15638b454bf086c8148979aae044dd6e39d63904cd452d970374fa6a87623423da485dfb814e7be882e05c096a7ccf1ebd48e7e7501d0208d8384ff4dea73b
  languageName: node
  linkType: hard

"has@npm:^1.0.3":
  version: 1.0.3
  resolution: "has@npm:1.0.3"
  dependencies:
    function-bind: ^1.1.1
  checksum: b9ad53d53be4af90ce5d1c38331e712522417d017d5ef1ebd0507e07c2fbad8686fffb8e12ddecd4c39ca9b9b47431afbb975b8abf7f3c3b82c98e9aad052792
  languageName: node
  linkType: hard

"hosted-git-info@npm:^2.1.4":
  version: 2.8.9
  resolution: "hosted-git-info@npm:2.8.9"
  checksum: c955394bdab888a1e9bb10eb33029e0f7ce5a2ac7b3f158099dc8c486c99e73809dca609f5694b223920ca2174db33d32b12f9a2a47141dc59607c29da5a62dd
  languageName: node
  linkType: hard

"hosted-git-info@npm:^4.0.1":
  version: 4.1.0
  resolution: "hosted-git-info@npm:4.1.0"
  dependencies:
    lru-cache: ^6.0.0
  checksum: c3f87b3c2f7eb8c2748c8f49c0c2517c9a95f35d26f4bf54b2a8cba05d2e668f3753548b6ea366b18ec8dadb4e12066e19fa382a01496b0ffa0497eb23cbe461
  languageName: node
  linkType: hard

"indent-string@npm:^4.0.0":
  version: 4.0.0
  resolution: "indent-string@npm:4.0.0"
  checksum: 824cfb9929d031dabf059bebfe08cf3137365e112019086ed3dcff6a0a7b698cb80cf67ccccde0e25b9e2d7527aa6cc1fed1ac490c752162496caba3e6699612
  languageName: node
  linkType: hard

"is-arrayish@npm:^0.2.1":
  version: 0.2.1
  resolution: "is-arrayish@npm:0.2.1"
  checksum: eef4417e3c10e60e2c810b6084942b3ead455af16c4509959a27e490e7aee87cfb3f38e01bbde92220b528a0ee1a18d52b787e1458ee86174d8c7f0e58cd488f
  languageName: node
  linkType: hard

"is-core-module@npm:^2.5.0, is-core-module@npm:^2.9.0":
  version: 2.10.0
  resolution: "is-core-module@npm:2.10.0"
  dependencies:
    has: ^1.0.3
  checksum: 0f3f77811f430af3256fa7bbc806f9639534b140f8ee69476f632c3e1eb4e28a38be0b9d1b8ecf596179c841b53576129279df95e7051d694dac4ceb6f967593
  languageName: node
  linkType: hard

"is-plain-obj@npm:^1.1.0":
  version: 1.1.0
  resolution: "is-plain-obj@npm:1.1.0"
  checksum: 0ee04807797aad50859652a7467481816cbb57e5cc97d813a7dcd8915da8195dc68c436010bf39d195226cde6a2d352f4b815f16f26b7bf486a5754290629931
  languageName: node
  linkType: hard

"js-tokens@npm:^4.0.0":
  version: 4.0.0
  resolution: "js-tokens@npm:4.0.0"
  checksum: 8a95213a5a77deb6cbe94d86340e8d9ace2b93bc367790b260101d2f36a2eaf4e4e22d9fa9cf459b38af3a32fb4190e638024cf82ec95ef708680e405ea7cc78
  languageName: node
  linkType: hard

"json-parse-even-better-errors@npm:^2.3.0":
  version: 2.3.1
  resolution: "json-parse-even-better-errors@npm:2.3.1"
  checksum: 798ed4cf3354a2d9ccd78e86d2169515a0097a5c133337807cdf7f1fc32e1391d207ccfc276518cc1d7d8d4db93288b8a50ba4293d212ad1336e52a8ec0a941f
  languageName: node
  linkType: hard

"kind-of@npm:^6.0.3":
  version: 6.0.3
  resolution: "kind-of@npm:6.0.3"
  checksum: 3ab01e7b1d440b22fe4c31f23d8d38b4d9b91d9f291df683476576493d5dfd2e03848a8b05813dd0c3f0e835bc63f433007ddeceb71f05cb25c45ae1b19c6d3b
  languageName: node
  linkType: hard

"kloc@npm:^0.1.3":
  version: 0.1.3
  resolution: "kloc@npm:0.1.3"
  dependencies:
    expand-home-dir: ^0.0.3
    meow: ^9.0.0
  bin:
    kloc: cli.js
  checksum: 4ec0fcd5dc4219e0f4e2b1828987ee7c949b2fa8a0c5bc10419ce861a66ec3c884ba7b3367656d71b35653716cea9ab02e69cd8caa61166bb78b3c294c713556
  languageName: node
  linkType: hard

"lines-and-columns@npm:^1.1.6":
  version: 1.2.4
  resolution: "lines-and-columns@npm:1.2.4"
  checksum: 0c37f9f7fa212b38912b7145e1cd16a5f3cd34d782441c3e6ca653485d326f58b3caccda66efce1c5812bde4961bbde3374fae4b0d11bf1226152337f3894aa5
  languageName: node
  linkType: hard

"locate-path@npm:^5.0.0":
  version: 5.0.0
  resolution: "locate-path@npm:5.0.0"
  dependencies:
    p-locate: ^4.1.0
  checksum: 83e51725e67517287d73e1ded92b28602e3ae5580b301fe54bfb76c0c723e3f285b19252e375712316774cf52006cb236aed5704692c32db0d5d089b69696e30
  languageName: node
  linkType: hard

"lru-cache@npm:^6.0.0":
  version: 6.0.0
  resolution: "lru-cache@npm:6.0.0"
  dependencies:
    yallist: ^4.0.0
  checksum: f97f499f898f23e4585742138a22f22526254fdba6d75d41a1c2526b3b6cc5747ef59c5612ba7375f42aca4f8461950e925ba08c991ead0651b4918b7c978297
  languageName: node
  linkType: hard

"map-obj@npm:^1.0.0":
  version: 1.0.1
  resolution: "map-obj@npm:1.0.1"
  checksum: 9949e7baec2a336e63b8d4dc71018c117c3ce6e39d2451ccbfd3b8350c547c4f6af331a4cbe1c83193d7c6b786082b6256bde843db90cb7da2a21e8fcc28afed
  languageName: node
  linkType: hard

"map-obj@npm:^4.0.0":
  version: 4.3.0
  resolution: "map-obj@npm:4.3.0"
  checksum: fbc554934d1a27a1910e842bc87b177b1a556609dd803747c85ece420692380827c6ae94a95cce4407c054fa0964be3bf8226f7f2cb2e9eeee432c7c1985684e
  languageName: node
  linkType: hard

"meow@npm:^9.0.0":
  version: 9.0.0
  resolution: "meow@npm:9.0.0"
  dependencies:
    "@types/minimist": ^1.2.0
    camelcase-keys: ^6.2.2
    decamelize: ^1.2.0
    decamelize-keys: ^1.1.0
    hard-rejection: ^2.1.0
    minimist-options: 4.1.0
    normalize-package-data: ^3.0.0
    read-pkg-up: ^7.0.1
    redent: ^3.0.0
    trim-newlines: ^3.0.0
    type-fest: ^0.18.0
    yargs-parser: ^20.2.3
  checksum: 99799c47247f4daeee178e3124f6ef6f84bde2ba3f37652865d5d8f8b8adcf9eedfc551dd043e2455cd8206545fd848e269c0c5ab6b594680a0ad4d3617c9639
  languageName: node
  linkType: hard

"min-indent@npm:^1.0.0":
  version: 1.0.1
  resolution: "min-indent@npm:1.0.1"
  checksum: bfc6dd03c5eaf623a4963ebd94d087f6f4bbbfd8c41329a7f09706b0cb66969c4ddd336abeb587bc44bc6f08e13bf90f0b374f9d71f9f01e04adc2cd6f083ef1
  languageName: node
  linkType: hard

"minimist-options@npm:4.1.0":
  version: 4.1.0
  resolution: "minimist-options@npm:4.1.0"
  dependencies:
    arrify: ^1.0.1
    is-plain-obj: ^1.1.0
    kind-of: ^6.0.3
  checksum: 8c040b3068811e79de1140ca2b708d3e203c8003eb9a414c1ab3cd467fc5f17c9ca02a5aef23bedc51a7f8bfbe77f87e9a7e31ec81fba304cda675b019496f4e
  languageName: node
  linkType: hard

"normalize-package-data@npm:^2.5.0":
  version: 2.5.0
  resolution: "normalize-package-data@npm:2.5.0"
  dependencies:
    hosted-git-info: ^2.1.4
    resolve: ^1.10.0
    semver: 2 || 3 || 4 || 5
    validate-npm-package-license: ^3.0.1
  checksum: 7999112efc35a6259bc22db460540cae06564aa65d0271e3bdfa86876d08b0e578b7b5b0028ee61b23f1cae9fc0e7847e4edc0948d3068a39a2a82853efc8499
  languageName: node
  linkType: hard

"normalize-package-data@npm:^3.0.0":
  version: 3.0.3
  resolution: "normalize-package-data@npm:3.0.3"
  dependencies:
    hosted-git-info: ^4.0.1
    is-core-module: ^2.5.0
    semver: ^7.3.4
    validate-npm-package-license: ^3.0.1
  checksum: bbcee00339e7c26fdbc760f9b66d429258e2ceca41a5df41f5df06cc7652de8d82e8679ff188ca095cad8eff2b6118d7d866af2b68400f74602fbcbce39c160a
  languageName: node
  linkType: hard

"p-limit@npm:^2.2.0":
  version: 2.3.0
  resolution: "p-limit@npm:2.3.0"
  dependencies:
    p-try: ^2.0.0
  checksum: 84ff17f1a38126c3314e91ecfe56aecbf36430940e2873dadaa773ffe072dc23b7af8e46d4b6485d302a11673fe94c6b67ca2cfbb60c989848b02100d0594ac1
  languageName: node
  linkType: hard

"p-locate@npm:^4.1.0":
  version: 4.1.0
  resolution: "p-locate@npm:4.1.0"
  dependencies:
    p-limit: ^2.2.0
  checksum: 513bd14a455f5da4ebfcb819ef706c54adb09097703de6aeaa5d26fe5ea16df92b48d1ac45e01e3944ce1e6aa2a66f7f8894742b8c9d6e276e16cd2049a2b870
  languageName: node
  linkType: hard

"p-try@npm:^2.0.0":
  version: 2.2.0
  resolution: "p-try@npm:2.2.0"
  checksum: f8a8e9a7693659383f06aec604ad5ead237c7a261c18048a6e1b5b85a5f8a067e469aa24f5bc009b991ea3b058a87f5065ef4176793a200d4917349881216cae
  languageName: node
  linkType: hard

"parse-json@npm:^5.0.0":
  version: 5.2.0
  resolution: "parse-json@npm:5.2.0"
  dependencies:
    "@babel/code-frame": ^7.0.0
    error-ex: ^1.3.1
    json-parse-even-better-errors: ^2.3.0
    lines-and-columns: ^1.1.6
  checksum: 62085b17d64da57f40f6afc2ac1f4d95def18c4323577e1eced571db75d9ab59b297d1d10582920f84b15985cbfc6b6d450ccbf317644cfa176f3ed982ad87e2
  languageName: node
  linkType: hard

"path-exists@npm:^4.0.0":
  version: 4.0.0
  resolution: "path-exists@npm:4.0.0"
  checksum: 505807199dfb7c50737b057dd8d351b82c033029ab94cb10a657609e00c1bc53b951cfdbccab8de04c5584d5eff31128ce6afd3db79281874a5ef2adbba55ed1
  languageName: node
  linkType: hard

"path-parse@npm:^1.0.7":
  version: 1.0.7
  resolution: "path-parse@npm:1.0.7"
  checksum: 49abf3d81115642938a8700ec580da6e830dde670be21893c62f4e10bd7dd4c3742ddc603fe24f898cba7eb0c6bc1777f8d9ac14185d34540c6d4d80cd9cae8a
  languageName: node
  linkType: hard

"prettier@npm:^2.7.1":
  version: 2.7.1
  resolution: "prettier@npm:2.7.1"
  bin:
    prettier: bin-prettier.js
  checksum: 55a4409182260866ab31284d929b3cb961e5fdb91fe0d2e099dac92eaecec890f36e524b4c19e6ceae839c99c6d7195817579cdffc8e2c80da0cb794463a748b
  languageName: node
  linkType: hard

"quick-lru@npm:^4.0.1":
  version: 4.0.1
  resolution: "quick-lru@npm:4.0.1"
  checksum: bea46e1abfaa07023e047d3cf1716a06172c4947886c053ede5c50321893711577cb6119360f810cc3ffcd70c4d7db4069c3cee876b358ceff8596e062bd1154
  languageName: node
  linkType: hard

"read-pkg-up@npm:^7.0.1":
  version: 7.0.1
  resolution: "read-pkg-up@npm:7.0.1"
  dependencies:
    find-up: ^4.1.0
    read-pkg: ^5.2.0
    type-fest: ^0.8.1
  checksum: e4e93ce70e5905b490ca8f883eb9e48b5d3cebc6cd4527c25a0d8f3ae2903bd4121c5ab9c5a3e217ada0141098eeb661313c86fa008524b089b8ed0b7f165e44
  languageName: node
  linkType: hard

"read-pkg@npm:^5.2.0":
  version: 5.2.0
  resolution: "read-pkg@npm:5.2.0"
  dependencies:
    "@types/normalize-package-data": ^2.4.0
    normalize-package-data: ^2.5.0
    parse-json: ^5.0.0
    type-fest: ^0.6.0
  checksum: eb696e60528b29aebe10e499ba93f44991908c57d70f2d26f369e46b8b9afc208ef11b4ba64f67630f31df8b6872129e0a8933c8c53b7b4daf0eace536901222
  languageName: node
  linkType: hard

"redent@npm:^3.0.0":
  version: 3.0.0
  resolution: "redent@npm:3.0.0"
  dependencies:
    indent-string: ^4.0.0
    strip-indent: ^3.0.0
  checksum: fa1ef20404a2d399235e83cc80bd55a956642e37dd197b4b612ba7327bf87fa32745aeb4a1634b2bab25467164ab4ed9c15be2c307923dd08b0fe7c52431ae6b
  languageName: node
  linkType: hard

"resolve@npm:^1.10.0":
  version: 1.22.1
  resolution: "resolve@npm:1.22.1"
  dependencies:
    is-core-module: ^2.9.0
    path-parse: ^1.0.7
    supports-preserve-symlinks-flag: ^1.0.0
  bin:
    resolve: bin/resolve
  checksum: 07af5fc1e81aa1d866cbc9e9460fbb67318a10fa3c4deadc35c3ad8a898ee9a71a86a65e4755ac3195e0ea0cfbe201eb323ebe655ce90526fd61917313a34e4e
  languageName: node
  linkType: hard

"resolve@patch:resolve@^1.10.0#~builtin<compat/resolve>":
  version: 1.22.1
  resolution: "resolve@patch:resolve@npm%3A1.22.1#~builtin<compat/resolve>::version=1.22.1&hash=07638b"
  dependencies:
    is-core-module: ^2.9.0
    path-parse: ^1.0.7
    supports-preserve-symlinks-flag: ^1.0.0
  bin:
    resolve: bin/resolve
  checksum: 5656f4d0bedcf8eb52685c1abdf8fbe73a1603bb1160a24d716e27a57f6cecbe2432ff9c89c2bd57542c3a7b9d14b1882b73bfe2e9d7849c9a4c0b8b39f02b8b
  languageName: node
  linkType: hard

"semver@npm:2 || 3 || 4 || 5":
  version: 5.7.1
  resolution: "semver@npm:5.7.1"
  bin:
    semver: ./bin/semver
  checksum: 57fd0acfd0bac382ee87cd52cd0aaa5af086a7dc8d60379dfe65fea491fb2489b6016400813930ecd61fd0952dae75c115287a1b16c234b1550887117744dfaf
  languageName: node
  linkType: hard

"semver@npm:^7.3.4":
  version: 7.3.7
  resolution: "semver@npm:7.3.7"
  dependencies:
    lru-cache: ^6.0.0
  bin:
    semver: bin/semver.js
  checksum: 2fa3e877568cd6ce769c75c211beaed1f9fce80b28338cadd9d0b6c40f2e2862bafd62c19a6cff42f3d54292b7c623277bcab8816a2b5521cf15210d43e75232
  languageName: node
  linkType: hard

"spdx-correct@npm:^3.0.0":
  version: 3.1.1
  resolution: "spdx-correct@npm:3.1.1"
  dependencies:
    spdx-expression-parse: ^3.0.0
    spdx-license-ids: ^3.0.0
  checksum: 77ce438344a34f9930feffa61be0eddcda5b55fc592906ef75621d4b52c07400a97084d8701557b13f7d2aae0cb64f808431f469e566ef3fe0a3a131dcb775a6
  languageName: node
  linkType: hard

"spdx-exceptions@npm:^2.1.0":
  version: 2.3.0
  resolution: "spdx-exceptions@npm:2.3.0"
  checksum: cb69a26fa3b46305637123cd37c85f75610e8c477b6476fa7354eb67c08128d159f1d36715f19be6f9daf4b680337deb8c65acdcae7f2608ba51931540687ac0
  languageName: node
  linkType: hard

"spdx-expression-parse@npm:^3.0.0":
  version: 3.0.1
  resolution: "spdx-expression-parse@npm:3.0.1"
  dependencies:
    spdx-exceptions: ^2.1.0
    spdx-license-ids: ^3.0.0
  checksum: a1c6e104a2cbada7a593eaa9f430bd5e148ef5290d4c0409899855ce8b1c39652bcc88a725259491a82601159d6dc790bedefc9016c7472f7de8de7361f8ccde
  languageName: node
  linkType: hard

"spdx-license-ids@npm:^3.0.0":
  version: 3.0.11
  resolution: "spdx-license-ids@npm:3.0.11"
  checksum: 1da1acb090257773e60b022094050e810ae9fec874dc1461f65dc0400cd42dd830ab2df6e64fb49c2db3dce386dd0362110780e1b154db7c0bb413488836aaeb
  languageName: node
  linkType: hard

"strip-indent@npm:^3.0.0":
  version: 3.0.0
  resolution: "strip-indent@npm:3.0.0"
  dependencies:
    min-indent: ^1.0.0
  checksum: 18f045d57d9d0d90cd16f72b2313d6364fd2cb4bf85b9f593523ad431c8720011a4d5f08b6591c9d580f446e78855c5334a30fb91aa1560f5d9f95ed1b4a0530
  languageName: node
  linkType: hard

"supports-color@npm:^5.3.0":
  version: 5.5.0
  resolution: "supports-color@npm:5.5.0"
  dependencies:
    has-flag: ^3.0.0
  checksum: 95f6f4ba5afdf92f495b5a912d4abee8dcba766ae719b975c56c084f5004845f6f5a5f7769f52d53f40e21952a6d87411bafe34af4a01e65f9926002e38e1dac
  languageName: node
  linkType: hard

"supports-preserve-symlinks-flag@npm:^1.0.0":
  version: 1.0.0
  resolution: "supports-preserve-symlinks-flag@npm:1.0.0"
  checksum: 53b1e247e68e05db7b3808b99b892bd36fb096e6fba213a06da7fab22045e97597db425c724f2bbd6c99a3c295e1e73f3e4de78592289f38431049e1277ca0ae
  languageName: node
  linkType: hard

"trim-newlines@npm:^3.0.0":
  version: 3.0.1
  resolution: "trim-newlines@npm:3.0.1"
  checksum: b530f3fadf78e570cf3c761fb74fef655beff6b0f84b29209bac6c9622db75ad1417f4a7b5d54c96605dcd72734ad44526fef9f396807b90839449eb543c6206
  languageName: node
  linkType: hard

"tunnel@npm:^0.0.6":
  version: 0.0.6
  resolution: "tunnel@npm:0.0.6"
  checksum: c362948df9ad34b649b5585e54ce2838fa583aa3037091aaed66793c65b423a264e5229f0d7e9a95513a795ac2bd4cb72cda7e89a74313f182c1e9ae0b0994fa
  languageName: node
  linkType: hard

"type-fest@npm:^0.18.0":
  version: 0.18.1
  resolution: "type-fest@npm:0.18.1"
  checksum: e96dcee18abe50ec82dab6cbc4751b3a82046da54c52e3b2d035b3c519732c0b3dd7a2fa9df24efd1a38d953d8d4813c50985f215f1957ee5e4f26b0fe0da395
  languageName: node
  linkType: hard

"type-fest@npm:^0.6.0":
  version: 0.6.0
  resolution: "type-fest@npm:0.6.0"
  checksum: b2188e6e4b21557f6e92960ec496d28a51d68658018cba8b597bd3ef757721d1db309f120ae987abeeda874511d14b776157ff809f23c6d1ce8f83b9b2b7d60f
  languageName: node
  linkType: hard

"type-fest@npm:^0.8.1":
  version: 0.8.1
  resolution: "type-fest@npm:0.8.1"
  checksum: d61c4b2eba24009033ae4500d7d818a94fd6d1b481a8111612ee141400d5f1db46f199c014766b9fa9b31a6a7374d96fc748c6d688a78a3ce5a33123839becb7
  languageName: node
  linkType: hard

"typescript@npm:^4.7.4":
  version: 4.7.4
  resolution: "typescript@npm:4.7.4"
  bin:
    tsc: bin/tsc
    tsserver: bin/tsserver
  checksum: 5750181b1cd7e6482c4195825547e70f944114fb47e58e4aa7553e62f11b3f3173766aef9c281783edfd881f7b8299cf35e3ca8caebe73d8464528c907a164df
  languageName: node
  linkType: hard

"typescript@patch:typescript@^4.7.4#~builtin<compat/typescript>":
  version: 4.7.4
  resolution: "typescript@patch:typescript@npm%3A4.7.4#~builtin<compat/typescript>::version=4.7.4&hash=f456af"
  bin:
    tsc: bin/tsc
    tsserver: bin/tsserver
  checksum: 9096d8f6c16cb80ef3bf96fcbbd055bf1c4a43bd14f3b7be45a9fbe7ada46ec977f604d5feed3263b4f2aa7d4c7477ce5f9cd87de0d6feedec69a983f3a4f93e
  languageName: node
  linkType: hard

"uuid@npm:^8.3.2":
  version: 8.3.2
  resolution: "uuid@npm:8.3.2"
  bin:
    uuid: dist/bin/uuid
  checksum: 5575a8a75c13120e2f10e6ddc801b2c7ed7d8f3c8ac22c7ed0c7b2ba6383ec0abda88c905085d630e251719e0777045ae3236f04c812184b7c765f63a70e58df
  languageName: node
  linkType: hard

"validate-npm-package-license@npm:^3.0.1":
  version: 3.0.4
  resolution: "validate-npm-package-license@npm:3.0.4"
  dependencies:
    spdx-correct: ^3.0.0
    spdx-expression-parse: ^3.0.0
  checksum: 35703ac889d419cf2aceef63daeadbe4e77227c39ab6287eeb6c1b36a746b364f50ba22e88591f5d017bc54685d8137bc2d328d0a896e4d3fd22093c0f32a9ad
  languageName: node
  linkType: hard

"yallist@npm:^4.0.0":
  version: 4.0.0
  resolution: "yallist@npm:4.0.0"
  checksum: 343617202af32df2a15a3be36a5a8c0c8545208f3d3dfbc6bb7c3e3b7e8c6f8e7485432e4f3b88da3031a6e20afa7c711eded32ddfb122896ac5d914e75848d5
  languageName: node
  linkType: hard

"yargs-parser@npm:^20.2.3":
  version: 20.2.9
  resolution: "yargs-parser@npm:20.2.9"
  checksum: 8bb69015f2b0ff9e17b2c8e6bfe224ab463dd00ca211eece72a4cd8a906224d2703fb8a326d36fdd0e68701e201b2a60ed7cf81ce0fd9b3799f9fe7745977ae3
  languageName: node
  linkType: hard
